
Microsoft Visual Studio Solution File, Format Version 12.00
# Visual Studio Version 16
VisualStudioVersion = 16.0.29418.71
MinimumVisualStudioVersion = 10.0.40219.1
Project("{9A19103F-16F7-4668-BE54-9A1E7A4F7556}") = "RentACar.API", "RentACar\RentACar.API.csproj", "{27928894-E684-45E9-B0A2-C1DD3C88D5CB}"
	ProjectSection(ProjectDependencies) = postProject
		{2CD44F33-06B2-4CDE-8FC7-B01728FC7629} = {2CD44F33-06B2-4CDE-8FC7-B01728FC7629}
		{128155A6-8E87-47B1-8EAC-0495C2CBEB25} = {128155A6-8E87-47B1-8EAC-0495C2CBEB25}
	EndProjectSection
EndProject
Project("{9A19103F-16F7-4668-BE54-9A1E7A4F7556}") = "RentACar.BLL", "RentACar.BLL\RentACar.BLL.csproj", "{2CD44F33-06B2-4CDE-8FC7-B01728FC7629}"
EndProject
Project("{9A19103F-16F7-4668-BE54-9A1E7A4F7556}") = "RentACar.DAL", "RentACar.DAL\RentACar.DAL.csproj", "{128155A6-8E87-47B1-8EAC-0495C2CBEB25}"
EndProject
Project("{FAE04EC0-301F-11D3-BF4B-00C04F79EFBC}") = "RentACar.MailService", "RentACar.MailServices\RentACar.MailService.csproj", "{A1F9CD95-92E1-4F3B-B3C4-A23EF1BB9C90}"
EndProject
Global
	GlobalSection(SolutionConfigurationPlatforms) = preSolution
		Debug|Any CPU = Debug|Any CPU
		Release|Any CPU = Release|Any CPU
	EndGlobalSection
	GlobalSection(ProjectConfigurationPlatforms) = postSolution
		{27928894-E684-45E9-B0A2-C1DD3C88D5CB}.Debug|Any CPU.ActiveCfg = Debug|Any CPU
		{27928894-E684-45E9-B0A2-C1DD3C88D5CB}.Debug|Any CPU.Build.0 = Debug|Any CPU
		{27928894-E684-45E9-B0A2-C1DD3C88D5CB}.Release|Any CPU.ActiveCfg = Release|Any CPU
		{27928894-E684-45E9-B0A2-C1DD3C88D5CB}.Release|Any CPU.Build.0 = Release|Any CPU
		{2CD44F33-06B2-4CDE-8FC7-B01728FC7629}.Debug|Any CPU.ActiveCfg = Debug|Any CPU
		{2CD44F33-06B2-4CDE-8FC7-B01728FC7629}.Debug|Any CPU.Build.0 = Debug|Any CPU
		{2CD44F33-06B2-4CDE-8FC7-B01728FC7629}.Release|Any CPU.ActiveCfg = Release|Any CPU
		{2CD44F33-06B2-4CDE-8FC7-B01728FC7629}.Release|Any CPU.Build.0 = Release|Any CPU
		{128155A6-8E87-47B1-8EAC-0495C2CBEB25}.Debug|Any CPU.ActiveCfg = Debug|Any CPU
		{128155A6-8E87-47B1-8EAC-0495C2CBEB25}.Debug|Any CPU.Build.0 = Debug|Any CPU
		{128155A6-8E87-47B1-8EAC-0495C2CBEB25}.Release|Any CPU.ActiveCfg = Release|Any CPU
		{128155A6-8E87-47B1-8EAC-0495C2CBEB25}.Release|Any CPU.Build.0 = Release|Any CPU
		{A1F9CD95-92E1-4F3B-B3C4-A23EF1BB9C90}.Debug|Any CPU.ActiveCfg = Debug|Any CPU
		{A1F9CD95-92E1-4F3B-B3C4-A23EF1BB9C90}.Debug|Any CPU.Build.0 = Debug|Any CPU
		{A1F9CD95-92E1-4F3B-B3C4-A23EF1BB9C90}.Release|Any CPU.ActiveCfg = Release|Any CPU
		{A1F9CD95-92E1-4F3B-B3C4-A23EF1BB9C90}.Release|Any CPU.Build.0 = Release|Any CPU
	EndGlobalSection
	GlobalSection(SolutionProperties) = preSolution
		HideSolutionNode = FALSE
	EndGlobalSection
	GlobalSection(ExtensibilityGlobals) = postSolution
		SolutionGuid = {329C8258-E351-43F9-A8E1-C31F10F8C9EA}
	EndGlobalSection
EndGlobal
